
Microsoft Visual Studio Solution File, Format Version 12.00
# Visual Studio Version 17
VisualStudioVersion = 17.1.32210.238
MinimumVisualStudioVersion = 10.0.40219.1
Project("{9A19103F-16F7-4668-BE54-9A1E7A4F7556}") = "AppointEase", "AppointEase\AppointEase.csproj", "{4C1F499B-AFB5-4E80-8087-C45EAF0EEA17}"
EndProject
Global
	GlobalSection(SolutionConfigurationPlatforms) = preSolution
		Debug|Any CPU = Debug|Any CPU
		Release|Any CPU = Release|Any CPU
	EndGlobalSection
	GlobalSection(ProjectConfigurationPlatforms) = postSolution
		{4C1F499B-AFB5-4E80-8087-C45EAF0EEA17}.Debug|Any CPU.ActiveCfg = Debug|Any CPU
		{4C1F499B-AFB5-4E80-8087-C45EAF0EEA17}.Debug|Any CPU.Build.0 = Debug|Any CPU
		{4C1F499B-AFB5-4E80-8087-C45EAF0EEA17}.Release|Any CPU.ActiveCfg = Release|Any CPU
		{4C1F499B-AFB5-4E80-8087-C45EAF0EEA17}.Release|Any CPU.Build.0 = Release|Any CPU
	EndGlobalSection
	GlobalSection(SolutionProperties) = preSolution
		HideSolutionNode = FALSE
	EndGlobalSection
	GlobalSection(ExtensibilityGlobals) = postSolution
		SolutionGuid = {9C8FAC10-A62A-48DB-BBFB-53A925A9B9D8}
	EndGlobalSection
EndGlobal
